
Microsoft Visual Studio Solution File, Format Version 12.00
# Visual Studio Version 17
VisualStudioVersion = 17.13.35828.75
MinimumVisualStudioVersion = 10.0.40219.1
Project("{FAE04EC0-301F-11D3-BF4B-00C04F79EFBC}") = "eCommerce.API", "eCommerce.API\eCommerce.API.csproj", "{2C5A20E6-91B6-4E8F-AA6E-4FF081B59350}"
EndProject
Project("{FAE04EC0-301F-11D3-BF4B-00C04F79EFBC}") = "eCommerce.Infrastructure", "eCommerce.Infrastructure\eCommerce.Infrastructure.csproj", "{F784FF58-5F20-4950-9BA2-205B501C76A6}"
EndProject
Project("{FAE04EC0-301F-11D3-BF4B-00C04F79EFBC}") = "eCommerce.Core", "eCommerce.Core\eCommerce.Core.csproj", "{AC322BBF-47B7-4F5E-BB49-F36658A8997A}"
EndProject
Global
	GlobalSection(SolutionConfigurationPlatforms) = preSolution
		Debug|Any CPU = Debug|Any CPU
		Release|Any CPU = Release|Any CPU
	EndGlobalSection
	GlobalSection(ProjectConfigurationPlatforms) = postSolution
		{2C5A20E6-91B6-4E8F-AA6E-4FF081B59350}.Debug|Any CPU.ActiveCfg = Debug|Any CPU
		{2C5A20E6-91B6-4E8F-AA6E-4FF081B59350}.Debug|Any CPU.Build.0 = Debug|Any CPU
		{2C5A20E6-91B6-4E8F-AA6E-4FF081B59350}.Release|Any CPU.ActiveCfg = Release|Any CPU
		{2C5A20E6-91B6-4E8F-AA6E-4FF081B59350}.Release|Any CPU.Build.0 = Release|Any CPU
		{F784FF58-5F20-4950-9BA2-205B501C76A6}.Debug|Any CPU.ActiveCfg = Debug|Any CPU
		{F784FF58-5F20-4950-9BA2-205B501C76A6}.Debug|Any CPU.Build.0 = Debug|Any CPU
		{F784FF58-5F20-4950-9BA2-205B501C76A6}.Release|Any CPU.ActiveCfg = Release|Any CPU
		{F784FF58-5F20-4950-9BA2-205B501C76A6}.Release|Any CPU.Build.0 = Release|Any CPU
		{AC322BBF-47B7-4F5E-BB49-F36658A8997A}.Debug|Any CPU.ActiveCfg = Debug|Any CPU
		{AC322BBF-47B7-4F5E-BB49-F36658A8997A}.Debug|Any CPU.Build.0 = Debug|Any CPU
		{AC322BBF-47B7-4F5E-BB49-F36658A8997A}.Release|Any CPU.ActiveCfg = Release|Any CPU
		{AC322BBF-47B7-4F5E-BB49-F36658A8997A}.Release|Any CPU.Build.0 = Release|Any CPU
	EndGlobalSection
	GlobalSection(SolutionProperties) = preSolution
		HideSolutionNode = FALSE
	EndGlobalSection
	GlobalSection(ExtensibilityGlobals) = postSolution
		SolutionGuid = {8DA3A34E-DF01-4F1D-8686-E94241795C8E}
	EndGlobalSection
EndGlobal
